
Microsoft Visual Studio Solution File, Format Version 12.00
# Visual Studio Version 17
VisualStudioVersion = 17.12.35527.113
MinimumVisualStudioVersion = 10.0.40219.1
Project("{FAE04EC0-301F-11D3-BF4B-00C04F79EFBC}") = "Client", "Client\Client.csproj", "{1A41A5C1-8636-4388-A009-68E2F30986E6}"
EndProject
Project("{FAE04EC0-301F-11D3-BF4B-00C04F79EFBC}") = "Client.Domain", "Client.Domain\Client.Domain.csproj", "{63707548-01D3-4B4A-955B-11E19C06711E}"
EndProject
Project("{FAE04EC0-301F-11D3-BF4B-00C04F79EFBC}") = "Client.Api", "Client.Api\Client.Api.csproj", "{C46680C6-880E-4ACA-9135-784B7C74F7EE}"
EndProject
Project("{FAE04EC0-301F-11D3-BF4B-00C04F79EFBC}") = "Client.Common", "Client.Common\Client.Common.csproj", "{5A6A8CDA-F0F0-40D1-ADDF-C8B7FB326D6A}"
EndProject
Project("{FAE04EC0-301F-11D3-BF4B-00C04F79EFBC}") = "Client.Services", "Client.Services\Client.Services.csproj", "{E1CC2CD1-E10C-4B68-BB19-6CBBA2A01E0F}"
EndProject
Project("{FAE04EC0-301F-11D3-BF4B-00C04F79EFBC}") = "Client.Domain.Grpc", "Client.Domain.Grpc\Client.Domain.Grpc.csproj", "{3E18BDE2-BB87-4D90-8B6C-71072FDB6777}"
EndProject
Global
	GlobalSection(SolutionConfigurationPlatforms) = preSolution
		Debug|Any CPU = Debug|Any CPU
		Release|Any CPU = Release|Any CPU
	EndGlobalSection
	GlobalSection(ProjectConfigurationPlatforms) = postSolution
		{1A41A5C1-8636-4388-A009-68E2F30986E6}.Debug|Any CPU.ActiveCfg = Debug|Any CPU
		{1A41A5C1-8636-4388-A009-68E2F30986E6}.Debug|Any CPU.Build.0 = Debug|Any CPU
		{1A41A5C1-8636-4388-A009-68E2F30986E6}.Release|Any CPU.ActiveCfg = Release|Any CPU
		{1A41A5C1-8636-4388-A009-68E2F30986E6}.Release|Any CPU.Build.0 = Release|Any CPU
		{63707548-01D3-4B4A-955B-11E19C06711E}.Debug|Any CPU.ActiveCfg = Debug|Any CPU
		{63707548-01D3-4B4A-955B-11E19C06711E}.Debug|Any CPU.Build.0 = Debug|Any CPU
		{63707548-01D3-4B4A-955B-11E19C06711E}.Release|Any CPU.ActiveCfg = Release|Any CPU
		{63707548-01D3-4B4A-955B-11E19C06711E}.Release|Any CPU.Build.0 = Release|Any CPU
		{C46680C6-880E-4ACA-9135-784B7C74F7EE}.Debug|Any CPU.ActiveCfg = Debug|Any CPU
		{C46680C6-880E-4ACA-9135-784B7C74F7EE}.Debug|Any CPU.Build.0 = Debug|Any CPU
		{C46680C6-880E-4ACA-9135-784B7C74F7EE}.Release|Any CPU.ActiveCfg = Release|Any CPU
		{C46680C6-880E-4ACA-9135-784B7C74F7EE}.Release|Any CPU.Build.0 = Release|Any CPU
		{5A6A8CDA-F0F0-40D1-ADDF-C8B7FB326D6A}.Debug|Any CPU.ActiveCfg = Debug|Any CPU
		{5A6A8CDA-F0F0-40D1-ADDF-C8B7FB326D6A}.Debug|Any CPU.Build.0 = Debug|Any CPU
		{5A6A8CDA-F0F0-40D1-ADDF-C8B7FB326D6A}.Release|Any CPU.ActiveCfg = Release|Any CPU
		{5A6A8CDA-F0F0-40D1-ADDF-C8B7FB326D6A}.Release|Any CPU.Build.0 = Release|Any CPU
		{E1CC2CD1-E10C-4B68-BB19-6CBBA2A01E0F}.Debug|Any CPU.ActiveCfg = Debug|Any CPU
		{E1CC2CD1-E10C-4B68-BB19-6CBBA2A01E0F}.Debug|Any CPU.Build.0 = Debug|Any CPU
		{E1CC2CD1-E10C-4B68-BB19-6CBBA2A01E0F}.Release|Any CPU.ActiveCfg = Release|Any CPU
		{E1CC2CD1-E10C-4B68-BB19-6CBBA2A01E0F}.Release|Any CPU.Build.0 = Release|Any CPU
		{3E18BDE2-BB87-4D90-8B6C-71072FDB6777}.Debug|Any CPU.ActiveCfg = Debug|Any CPU
		{3E18BDE2-BB87-4D90-8B6C-71072FDB6777}.Debug|Any CPU.Build.0 = Debug|Any CPU
		{3E18BDE2-BB87-4D90-8B6C-71072FDB6777}.Release|Any CPU.ActiveCfg = Release|Any CPU
		{3E18BDE2-BB87-4D90-8B6C-71072FDB6777}.Release|Any CPU.Build.0 = Release|Any CPU
	EndGlobalSection
	GlobalSection(SolutionProperties) = preSolution
		HideSolutionNode = FALSE
	EndGlobalSection
EndGlobal
